
Microsoft Visual Studio Solution File, Format Version 12.00
# Visual Studio Version 17
VisualStudioVersion = 17.3.32929.385
MinimumVisualStudioVersion = 10.0.40219.1
Project("{FAE04EC0-301F-11D3-BF4B-00C04F79EFBC}") = "DateApp", "DateApp.csproj", "{B6425D32-B32D-427D-A066-11954906FBAA}"
EndProject
Global
	GlobalSection(SolutionConfigurationPlatforms) = preSolution
		Debug|Any CPU = Debug|Any CPU
		Release|Any CPU = Release|Any CPU
	EndGlobalSection
	GlobalSection(ProjectConfigurationPlatforms) = postSolution
		{B6425D32-B32D-427D-A066-11954906FBAA}.Debug|Any CPU.ActiveCfg = Debug|Any CPU
		{B6425D32-B32D-427D-A066-11954906FBAA}.Debug|Any CPU.Build.0 = Debug|Any CPU
		{B6425D32-B32D-427D-A066-11954906FBAA}.Release|Any CPU.ActiveCfg = Release|Any CPU
		{B6425D32-B32D-427D-A066-11954906FBAA}.Release|Any CPU.Build.0 = Release|Any CPU
	EndGlobalSection
	GlobalSection(SolutionProperties) = preSolution
		HideSolutionNode = FALSE
	EndGlobalSection
	GlobalSection(ExtensibilityGlobals) = postSolution
		SolutionGuid = {B21C75F6-A64A-4E89-A022-A41EAD1A8D86}
	EndGlobalSection
EndGlobal
